
Microsoft Visual Studio Solution File, Format Version 12.00
# Visual Studio 2012
Project("{2150E333-8FDC-42A3-9474-1A3956D46DE8}") = "Core", "Core", "{04D225D7-803B-4F31-A85C-22D81C369894}"
EndProject
Project("{2150E333-8FDC-42A3-9474-1A3956D46DE8}") = "MasterData", "MasterData", "{95332F62-DFDC-4C83-A2C9-1ABB7540F6B9}"
EndProject
Project("{2150E333-8FDC-42A3-9474-1A3956D46DE8}") = "Main", "Main", "{00F6578E-9E89-4D4C-A098-CF7877B65554}"
EndProject
Project("{FAE04EC0-301F-11D3-BF4B-00C04F79EFBC}") = "PhuliNet.Business.Customer", "Main\PhuliNet.Business.Customer\PhuliNet.Business.Customer.csproj", "{23437B54-E564-42B6-A868-9E34D92094A7}"
EndProject
Project("{FAE04EC0-301F-11D3-BF4B-00C04F79EFBC}") = "PhuliNet.Window.Customer", "Main\PhuliNet.Window.Customer\PhuliNet.Window.Customer.csproj", "{5FDD0FB8-B856-4B4E-BCA2-B377D35E96D2}"
EndProject
Project("{2150E333-8FDC-42A3-9474-1A3956D46DE8}") = "Technical", "Technical", "{1F1EDD40-581D-43B3-B470-A676527964AE}"
EndProject
Project("{FAE04EC0-301F-11D3-BF4B-00C04F79EFBC}") = "PhuLiNet.DbModels", "Core\PhuLiNet.DbModel\PhuLiNet.DbModels.csproj", "{2D5B8E11-DA38-4FD9-B830-F69BDEE00800}"
EndProject
Project("{FAE04EC0-301F-11D3-BF4B-00C04F79EFBC}") = "PhuLiNet.Maps", "Core\PhuLiNet.Maps\PhuLiNet.Maps.csproj", "{646F11C6-9D76-4852-9FC1-12110F50F73F}"
EndProject
Project("{FAE04EC0-301F-11D3-BF4B-00C04F79EFBC}") = "PhuLiNet.Repository", "Core\PhuLiNet.Repository\PhuLiNet.Repository.csproj", "{34A19776-C9E6-4E56-96E4-69594248C3E5}"
EndProject
Project("{2150E333-8FDC-42A3-9474-1A3956D46DE8}") = "Window", "Window", "{36AAC6E8-55D7-4352-9592-054909F87497}"
EndProject
Project("{2150E333-8FDC-42A3-9474-1A3956D46DE8}") = "Window.Core", "Window.Core", "{5D5C83C8-D4B3-4D31-9185-3CE893583C3A}"
EndProject
Project("{FAE04EC0-301F-11D3-BF4B-00C04F79EFBC}") = "Windows.Core", "Windows\PhuLiNet.Windows\Sourcen\Windows.Core.csproj", "{07CB80C9-B2FA-4A96-B82A-4C19945F63EA}"
EndProject
Project("{FAE04EC0-301F-11D3-BF4B-00C04F79EFBC}") = "Core.Repository", "Core\Core.Repository\Core.Repository.csproj", "{B313654D-41D0-4B0C-ADA5-94EB947A3212}"
EndProject
Project("{FAE04EC0-301F-11D3-BF4B-00C04F79EFBC}") = "PhuLiNet.Business.Common", "Core\PhuLiNet.Business.Common\PhuLiNet.Business.Common.csproj", "{D3D033FC-3FD0-4F5A-A80E-0DD31AA75F1E}"
EndProject
Project("{FAE04EC0-301F-11D3-BF4B-00C04F79EFBC}") = "PhuliNet.Business.Lookup", "Core\PhuLiNet.Business.Lookup\PhuliNet.Business.Lookup.csproj", "{36CB8B54-492D-4BDB-A755-305CBC3EA4E4}"
EndProject
Project("{FAE04EC0-301F-11D3-BF4B-00C04F79EFBC}") = "Manor.ConnectionStrings", "Core\PhuLiNet.ConnectionString\Manor.ConnectionStrings.csproj", "{DBF6D4C2-B84D-406F-B9C2-E0D58ED0BACA}"
EndProject
Project("{FAE04EC0-301F-11D3-BF4B-00C04F79EFBC}") = "DbModel.Core", "Core\PhuLiNet.DbModel.Core\DbModel.Core.csproj", "{04B50F43-71C5-4148-AD3C-8C1E5E772BE4}"
EndProject
Project("{FAE04EC0-301F-11D3-BF4B-00C04F79EFBC}") = "Techical.Utilities", "Technical\Technical.Utilities\Sourcen\Techical.Utilities.csproj", "{DDE7DD51-7E9F-4264-AA59-BADABED19DE3}"
EndProject
Project("{FAE04EC0-301F-11D3-BF4B-00C04F79EFBC}") = "Techical.Dynamic", "Technical\Technical.Dynamic\Sourcen\Techical.Dynamic.csproj", "{9517EE68-C144-41BE-BE3A-222EF12A036D}"
EndProject
Project("{FAE04EC0-301F-11D3-BF4B-00C04F79EFBC}") = "Techical.Imaging", "Technical\Technical.Imaging\Sourcen\Techical.Imaging.csproj", "{AACD61FA-AEEE-4AC0-A740-FDF7BB8317C0}"
EndProject
Project("{FAE04EC0-301F-11D3-BF4B-00C04F79EFBC}") = "Techical.Permissions", "Technical\Technical.Permissions\Techical.Permissions.csproj", "{D4F5C857-2204-4968-9B9B-DECC7A24DBA6}"
EndProject
Project("{FAE04EC0-301F-11D3-BF4B-00C04F79EFBC}") = "Techical.Reflection", "Technical\Technical.Reflection\Sourcen\Manor.Reflection\Techical.Reflection.csproj", "{7507AEDB-AEFE-49DC-A191-AB136882AE56}"
EndProject
Project("{FAE04EC0-301F-11D3-BF4B-00C04F79EFBC}") = "Techical.Settings", "Technical\Technical.Settings\Sourcen\Techical.Settings.csproj", "{8418C9EF-C470-4147-A3BE-4528D6ADF705}"
EndProject
Project("{FAE04EC0-301F-11D3-BF4B-00C04F79EFBC}") = "Core.DbModel.Infrastructure", "Core\PhuLiNet.DbModel.Infrastructure\Core.DbModel.Infrastructure.csproj", "{3FFB8168-1155-422E-84ED-3997B230A21E}"
EndProject
Project("{FAE04EC0-301F-11D3-BF4B-00C04F79EFBC}") = "Techical.Icons", "Technical\Technical.Icons\Sourcen\Techical.Icons.csproj", "{FA611AEB-D058-4EFC-AC58-DEBC477A9057}"
EndProject
Project("{FAE04EC0-301F-11D3-BF4B-00C04F79EFBC}") = "Techical.MsExcel", "Technical\Technical.MsExcel\Techical.MsExcel.csproj", "{1AE5C702-D25A-4C96-8102-A913DF00ADAE}"
EndProject
Project("{FAE04EC0-301F-11D3-BF4B-00C04F79EFBC}") = "PhuLiNet.Window.MainApplication", "Main\PhuLiNet.Window.MainApplication\PhuLiNet.Window.MainApplication.csproj", "{6D32750F-979D-410E-9DEB-4944B9CC4451}"
EndProject
Project("{FAE04EC0-301F-11D3-BF4B-00C04F79EFBC}") = "PhuLiNet.DbModel.ITest", "Core\PhuLiNet.DbModel.ITest\PhuLiNet.DbModel.ITest.csproj", "{2EF291A1-5D62-4EB5-A6C2-B422A1F3A910}"
EndProject
Global
	GlobalSection(SolutionConfigurationPlatforms) = preSolution
		Debug|Any CPU = Debug|Any CPU
		Release|Any CPU = Release|Any CPU
	EndGlobalSection
	GlobalSection(ProjectConfigurationPlatforms) = postSolution
		{23437B54-E564-42B6-A868-9E34D92094A7}.Debug|Any CPU.ActiveCfg = Debug|Any CPU
		{23437B54-E564-42B6-A868-9E34D92094A7}.Debug|Any CPU.Build.0 = Debug|Any CPU
		{23437B54-E564-42B6-A868-9E34D92094A7}.Release|Any CPU.ActiveCfg = Release|Any CPU
		{23437B54-E564-42B6-A868-9E34D92094A7}.Release|Any CPU.Build.0 = Release|Any CPU
		{5FDD0FB8-B856-4B4E-BCA2-B377D35E96D2}.Debug|Any CPU.ActiveCfg = Debug|Any CPU
		{5FDD0FB8-B856-4B4E-BCA2-B377D35E96D2}.Debug|Any CPU.Build.0 = Debug|Any CPU
		{5FDD0FB8-B856-4B4E-BCA2-B377D35E96D2}.Release|Any CPU.ActiveCfg = Release|Any CPU
		{5FDD0FB8-B856-4B4E-BCA2-B377D35E96D2}.Release|Any CPU.Build.0 = Release|Any CPU
		{2D5B8E11-DA38-4FD9-B830-F69BDEE00800}.Debug|Any CPU.ActiveCfg = Debug|Any CPU
		{2D5B8E11-DA38-4FD9-B830-F69BDEE00800}.Debug|Any CPU.Build.0 = Debug|Any CPU
		{2D5B8E11-DA38-4FD9-B830-F69BDEE00800}.Release|Any CPU.ActiveCfg = Release|Any CPU
		{2D5B8E11-DA38-4FD9-B830-F69BDEE00800}.Release|Any CPU.Build.0 = Release|Any CPU
		{646F11C6-9D76-4852-9FC1-12110F50F73F}.Debug|Any CPU.ActiveCfg = Debug|Any CPU
		{646F11C6-9D76-4852-9FC1-12110F50F73F}.Debug|Any CPU.Build.0 = Debug|Any CPU
		{646F11C6-9D76-4852-9FC1-12110F50F73F}.Release|Any CPU.ActiveCfg = Release|Any CPU
		{646F11C6-9D76-4852-9FC1-12110F50F73F}.Release|Any CPU.Build.0 = Release|Any CPU
		{34A19776-C9E6-4E56-96E4-69594248C3E5}.Debug|Any CPU.ActiveCfg = Debug|Any CPU
		{34A19776-C9E6-4E56-96E4-69594248C3E5}.Debug|Any CPU.Build.0 = Debug|Any CPU
		{34A19776-C9E6-4E56-96E4-69594248C3E5}.Release|Any CPU.ActiveCfg = Release|Any CPU
		{34A19776-C9E6-4E56-96E4-69594248C3E5}.Release|Any CPU.Build.0 = Release|Any CPU
		{07CB80C9-B2FA-4A96-B82A-4C19945F63EA}.Debug|Any CPU.ActiveCfg = Debug|Any CPU
		{07CB80C9-B2FA-4A96-B82A-4C19945F63EA}.Debug|Any CPU.Build.0 = Debug|Any CPU
		{07CB80C9-B2FA-4A96-B82A-4C19945F63EA}.Release|Any CPU.ActiveCfg = Release|Any CPU
		{07CB80C9-B2FA-4A96-B82A-4C19945F63EA}.Release|Any CPU.Build.0 = Release|Any CPU
		{B313654D-41D0-4B0C-ADA5-94EB947A3212}.Debug|Any CPU.ActiveCfg = Debug|Any CPU
		{B313654D-41D0-4B0C-ADA5-94EB947A3212}.Debug|Any CPU.Build.0 = Debug|Any CPU
		{B313654D-41D0-4B0C-ADA5-94EB947A3212}.Release|Any CPU.ActiveCfg = Release|Any CPU
		{B313654D-41D0-4B0C-ADA5-94EB947A3212}.Release|Any CPU.Build.0 = Release|Any CPU
		{D3D033FC-3FD0-4F5A-A80E-0DD31AA75F1E}.Debug|Any CPU.ActiveCfg = Debug|Any CPU
		{D3D033FC-3FD0-4F5A-A80E-0DD31AA75F1E}.Debug|Any CPU.Build.0 = Debug|Any CPU
		{D3D033FC-3FD0-4F5A-A80E-0DD31AA75F1E}.Release|Any CPU.ActiveCfg = Release|Any CPU
		{D3D033FC-3FD0-4F5A-A80E-0DD31AA75F1E}.Release|Any CPU.Build.0 = Release|Any CPU
		{36CB8B54-492D-4BDB-A755-305CBC3EA4E4}.Debug|Any CPU.ActiveCfg = Debug|Any CPU
		{36CB8B54-492D-4BDB-A755-305CBC3EA4E4}.Debug|Any CPU.Build.0 = Debug|Any CPU
		{36CB8B54-492D-4BDB-A755-305CBC3EA4E4}.Release|Any CPU.ActiveCfg = Release|Any CPU
		{36CB8B54-492D-4BDB-A755-305CBC3EA4E4}.Release|Any CPU.Build.0 = Release|Any CPU
		{DBF6D4C2-B84D-406F-B9C2-E0D58ED0BACA}.Debug|Any CPU.ActiveCfg = Debug|Any CPU
		{DBF6D4C2-B84D-406F-B9C2-E0D58ED0BACA}.Debug|Any CPU.Build.0 = Debug|Any CPU
		{DBF6D4C2-B84D-406F-B9C2-E0D58ED0BACA}.Release|Any CPU.ActiveCfg = Release|Any CPU
		{DBF6D4C2-B84D-406F-B9C2-E0D58ED0BACA}.Release|Any CPU.Build.0 = Release|Any CPU
		{04B50F43-71C5-4148-AD3C-8C1E5E772BE4}.Debug|Any CPU.ActiveCfg = Debug|Any CPU
		{04B50F43-71C5-4148-AD3C-8C1E5E772BE4}.Debug|Any CPU.Build.0 = Debug|Any CPU
		{04B50F43-71C5-4148-AD3C-8C1E5E772BE4}.Release|Any CPU.ActiveCfg = Release|Any CPU
		{04B50F43-71C5-4148-AD3C-8C1E5E772BE4}.Release|Any CPU.Build.0 = Release|Any CPU
		{DDE7DD51-7E9F-4264-AA59-BADABED19DE3}.Debug|Any CPU.ActiveCfg = Debug|Any CPU
		{DDE7DD51-7E9F-4264-AA59-BADABED19DE3}.Debug|Any CPU.Build.0 = Debug|Any CPU
		{DDE7DD51-7E9F-4264-AA59-BADABED19DE3}.Release|Any CPU.ActiveCfg = Release|Any CPU
		{DDE7DD51-7E9F-4264-AA59-BADABED19DE3}.Release|Any CPU.Build.0 = Release|Any CPU
		{9517EE68-C144-41BE-BE3A-222EF12A036D}.Debug|Any CPU.ActiveCfg = Debug|Any CPU
		{9517EE68-C144-41BE-BE3A-222EF12A036D}.Debug|Any CPU.Build.0 = Debug|Any CPU
		{9517EE68-C144-41BE-BE3A-222EF12A036D}.Release|Any CPU.ActiveCfg = Release|Any CPU
		{9517EE68-C144-41BE-BE3A-222EF12A036D}.Release|Any CPU.Build.0 = Release|Any CPU
		{AACD61FA-AEEE-4AC0-A740-FDF7BB8317C0}.Debug|Any CPU.ActiveCfg = Debug|Any CPU
		{AACD61FA-AEEE-4AC0-A740-FDF7BB8317C0}.Debug|Any CPU.Build.0 = Debug|Any CPU
		{AACD61FA-AEEE-4AC0-A740-FDF7BB8317C0}.Release|Any CPU.ActiveCfg = Release|Any CPU
		{AACD61FA-AEEE-4AC0-A740-FDF7BB8317C0}.Release|Any CPU.Build.0 = Release|Any CPU
		{D4F5C857-2204-4968-9B9B-DECC7A24DBA6}.Debug|Any CPU.ActiveCfg = Debug|Any CPU
		{D4F5C857-2204-4968-9B9B-DECC7A24DBA6}.Debug|Any CPU.Build.0 = Debug|Any CPU
		{D4F5C857-2204-4968-9B9B-DECC7A24DBA6}.Release|Any CPU.ActiveCfg = Release|Any CPU
		{D4F5C857-2204-4968-9B9B-DECC7A24DBA6}.Release|Any CPU.Build.0 = Release|Any CPU
		{7507AEDB-AEFE-49DC-A191-AB136882AE56}.Debug|Any CPU.ActiveCfg = Debug|Any CPU
		{7507AEDB-AEFE-49DC-A191-AB136882AE56}.Debug|Any CPU.Build.0 = Debug|Any CPU
		{7507AEDB-AEFE-49DC-A191-AB136882AE56}.Release|Any CPU.ActiveCfg = Release|Any CPU
		{7507AEDB-AEFE-49DC-A191-AB136882AE56}.Release|Any CPU.Build.0 = Release|Any CPU
		{8418C9EF-C470-4147-A3BE-4528D6ADF705}.Debug|Any CPU.ActiveCfg = Debug|Any CPU
		{8418C9EF-C470-4147-A3BE-4528D6ADF705}.Debug|Any CPU.Build.0 = Debug|Any CPU
		{8418C9EF-C470-4147-A3BE-4528D6ADF705}.Release|Any CPU.ActiveCfg = Release|Any CPU
		{8418C9EF-C470-4147-A3BE-4528D6ADF705}.Release|Any CPU.Build.0 = Release|Any CPU
		{3FFB8168-1155-422E-84ED-3997B230A21E}.Debug|Any CPU.ActiveCfg = Debug|Any CPU
		{3FFB8168-1155-422E-84ED-3997B230A21E}.Debug|Any CPU.Build.0 = Debug|Any CPU
		{3FFB8168-1155-422E-84ED-3997B230A21E}.Release|Any CPU.ActiveCfg = Release|Any CPU
		{3FFB8168-1155-422E-84ED-3997B230A21E}.Release|Any CPU.Build.0 = Release|Any CPU
		{FA611AEB-D058-4EFC-AC58-DEBC477A9057}.Debug|Any CPU.ActiveCfg = Debug|Any CPU
		{FA611AEB-D058-4EFC-AC58-DEBC477A9057}.Debug|Any CPU.Build.0 = Debug|Any CPU
		{FA611AEB-D058-4EFC-AC58-DEBC477A9057}.Release|Any CPU.ActiveCfg = Release|Any CPU
		{FA611AEB-D058-4EFC-AC58-DEBC477A9057}.Release|Any CPU.Build.0 = Release|Any CPU
		{1AE5C702-D25A-4C96-8102-A913DF00ADAE}.Debug|Any CPU.ActiveCfg = Debug|Any CPU
		{1AE5C702-D25A-4C96-8102-A913DF00ADAE}.Debug|Any CPU.Build.0 = Debug|Any CPU
		{1AE5C702-D25A-4C96-8102-A913DF00ADAE}.Release|Any CPU.ActiveCfg = Release|Any CPU
		{1AE5C702-D25A-4C96-8102-A913DF00ADAE}.Release|Any CPU.Build.0 = Release|Any CPU
		{6D32750F-979D-410E-9DEB-4944B9CC4451}.Debug|Any CPU.ActiveCfg = Debug|Any CPU
		{6D32750F-979D-410E-9DEB-4944B9CC4451}.Debug|Any CPU.Build.0 = Debug|Any CPU
		{6D32750F-979D-410E-9DEB-4944B9CC4451}.Release|Any CPU.ActiveCfg = Release|Any CPU
		{6D32750F-979D-410E-9DEB-4944B9CC4451}.Release|Any CPU.Build.0 = Release|Any CPU
		{2EF291A1-5D62-4EB5-A6C2-B422A1F3A910}.Debug|Any CPU.ActiveCfg = Debug|Any CPU
		{2EF291A1-5D62-4EB5-A6C2-B422A1F3A910}.Debug|Any CPU.Build.0 = Debug|Any CPU
		{2EF291A1-5D62-4EB5-A6C2-B422A1F3A910}.Release|Any CPU.ActiveCfg = Release|Any CPU
		{2EF291A1-5D62-4EB5-A6C2-B422A1F3A910}.Release|Any CPU.Build.0 = Release|Any CPU
	EndGlobalSection
	GlobalSection(SolutionProperties) = preSolution
		HideSolutionNode = FALSE
	EndGlobalSection
	GlobalSection(NestedProjects) = preSolution
		{2D5B8E11-DA38-4FD9-B830-F69BDEE00800} = {04D225D7-803B-4F31-A85C-22D81C369894}
		{646F11C6-9D76-4852-9FC1-12110F50F73F} = {04D225D7-803B-4F31-A85C-22D81C369894}
		{34A19776-C9E6-4E56-96E4-69594248C3E5} = {04D225D7-803B-4F31-A85C-22D81C369894}
		{B313654D-41D0-4B0C-ADA5-94EB947A3212} = {04D225D7-803B-4F31-A85C-22D81C369894}
		{D3D033FC-3FD0-4F5A-A80E-0DD31AA75F1E} = {04D225D7-803B-4F31-A85C-22D81C369894}
		{36CB8B54-492D-4BDB-A755-305CBC3EA4E4} = {04D225D7-803B-4F31-A85C-22D81C369894}
		{DBF6D4C2-B84D-406F-B9C2-E0D58ED0BACA} = {04D225D7-803B-4F31-A85C-22D81C369894}
		{04B50F43-71C5-4148-AD3C-8C1E5E772BE4} = {04D225D7-803B-4F31-A85C-22D81C369894}
		{3FFB8168-1155-422E-84ED-3997B230A21E} = {04D225D7-803B-4F31-A85C-22D81C369894}
		{2EF291A1-5D62-4EB5-A6C2-B422A1F3A910} = {04D225D7-803B-4F31-A85C-22D81C369894}
		{23437B54-E564-42B6-A868-9E34D92094A7} = {00F6578E-9E89-4D4C-A098-CF7877B65554}
		{5FDD0FB8-B856-4B4E-BCA2-B377D35E96D2} = {00F6578E-9E89-4D4C-A098-CF7877B65554}
		{6D32750F-979D-410E-9DEB-4944B9CC4451} = {00F6578E-9E89-4D4C-A098-CF7877B65554}
		{DDE7DD51-7E9F-4264-AA59-BADABED19DE3} = {1F1EDD40-581D-43B3-B470-A676527964AE}
		{9517EE68-C144-41BE-BE3A-222EF12A036D} = {1F1EDD40-581D-43B3-B470-A676527964AE}
		{AACD61FA-AEEE-4AC0-A740-FDF7BB8317C0} = {1F1EDD40-581D-43B3-B470-A676527964AE}
		{D4F5C857-2204-4968-9B9B-DECC7A24DBA6} = {1F1EDD40-581D-43B3-B470-A676527964AE}
		{7507AEDB-AEFE-49DC-A191-AB136882AE56} = {1F1EDD40-581D-43B3-B470-A676527964AE}
		{8418C9EF-C470-4147-A3BE-4528D6ADF705} = {1F1EDD40-581D-43B3-B470-A676527964AE}
		{FA611AEB-D058-4EFC-AC58-DEBC477A9057} = {1F1EDD40-581D-43B3-B470-A676527964AE}
		{1AE5C702-D25A-4C96-8102-A913DF00ADAE} = {1F1EDD40-581D-43B3-B470-A676527964AE}
		{5D5C83C8-D4B3-4D31-9185-3CE893583C3A} = {36AAC6E8-55D7-4352-9592-054909F87497}
		{07CB80C9-B2FA-4A96-B82A-4C19945F63EA} = {5D5C83C8-D4B3-4D31-9185-3CE893583C3A}
	EndGlobalSection
EndGlobal
