
Microsoft Visual Studio Solution File, Format Version 12.00
# Visual Studio 2012
Project("{FAE04EC0-301F-11D3-BF4B-00C04F79EFBC}") = "PLNetSoft", "PLNetSoft.csproj", "{36F618BC-7B47-4ED4-9B0A-5D78BC5B84C3}"
EndProject
Global
	GlobalSection(SolutionConfigurationPlatforms) = preSolution
		Debug|Any CPU = Debug|Any CPU
		Release|Any CPU = Release|Any CPU
	EndGlobalSection
	GlobalSection(ProjectConfigurationPlatforms) = postSolution
		{36F618BC-7B47-4ED4-9B0A-5D78BC5B84C3}.Debug|Any CPU.ActiveCfg = Debug|Any CPU
		{36F618BC-7B47-4ED4-9B0A-5D78BC5B84C3}.Debug|Any CPU.Build.0 = Debug|Any CPU
		{36F618BC-7B47-4ED4-9B0A-5D78BC5B84C3}.Release|Any CPU.ActiveCfg = Release|Any CPU
		{36F618BC-7B47-4ED4-9B0A-5D78BC5B84C3}.Release|Any CPU.Build.0 = Release|Any CPU
	EndGlobalSection
	GlobalSection(SolutionProperties) = preSolution
		HideSolutionNode = FALSE
	EndGlobalSection
EndGlobal
